
Microsoft Visual Studio Solution File, Format Version 12.00
# Visual Studio Version 17
VisualStudioVersion = 17.6.33815.320
MinimumVisualStudioVersion = 10.0.40219.1
Project("{9A19103F-16F7-4668-BE54-9A1E7A4F7556}") = "Lombiq.JsonEditor", "Lombiq.JsonEditor.csproj", "{CBBDBDAF-53C0-48DC-9020-2F73C5C6F687}"
EndProject
Project("{9A19103F-16F7-4668-BE54-9A1E7A4F7556}") = "Lombiq.JsonEditor.Tests.UI", "..\Lombiq.JsonEditor.Test.UI\Lombiq.JsonEditor.Tests.UI.csproj", "{EE600BED-156B-4D25-8861-056D56AA1FD0}"
EndProject
Global
	GlobalSection(SolutionConfigurationPlatforms) = preSolution
		Debug|Any CPU = Debug|Any CPU
		Release|Any CPU = Release|Any CPU
	EndGlobalSection
	GlobalSection(ProjectConfigurationPlatforms) = postSolution
		{CBBDBDAF-53C0-48DC-9020-2F73C5C6F687}.Debug|Any CPU.ActiveCfg = Debug|Any CPU
		{CBBDBDAF-53C0-48DC-9020-2F73C5C6F687}.Debug|Any CPU.Build.0 = Debug|Any CPU
		{CBBDBDAF-53C0-48DC-9020-2F73C5C6F687}.Release|Any CPU.ActiveCfg = Release|Any CPU
		{CBBDBDAF-53C0-48DC-9020-2F73C5C6F687}.Release|Any CPU.Build.0 = Release|Any CPU
		{EE600BED-156B-4D25-8861-056D56AA1FD0}.Debug|Any CPU.ActiveCfg = Debug|Any CPU
		{EE600BED-156B-4D25-8861-056D56AA1FD0}.Debug|Any CPU.Build.0 = Debug|Any CPU
		{EE600BED-156B-4D25-8861-056D56AA1FD0}.Release|Any CPU.ActiveCfg = Release|Any CPU
		{EE600BED-156B-4D25-8861-056D56AA1FD0}.Release|Any CPU.Build.0 = Release|Any CPU
	EndGlobalSection
	GlobalSection(SolutionProperties) = preSolution
		HideSolutionNode = FALSE
	EndGlobalSection
	GlobalSection(ExtensibilityGlobals) = postSolution
		SolutionGuid = {67F3FCAA-D525-42C7-9743-B8D896F485BA}
	EndGlobalSection
EndGlobal
