lockfileVersion: '6.0'

settings:
  autoInstallPeers: true
  excludeLinksFromLockfile: false

dependencies:
  jsoneditor:
    specifier: 9.5.6
    version: 9.5.6

packages:

  /@sphinxxxx/color-conversion@2.2.2:
    resolution: {integrity: sha512-XExJS3cLqgrmNBIP3bBw6+1oQ1ksGjFh0+oClDKFYpCCqx/hlqwWO5KO/S63fzUo67SxI9dMrF0y5T/Ey7h8Zw==}
    dev: false

  /ace-builds@1.4.12:
    resolution: {integrity: sha512-G+chJctFPiiLGvs3+/Mly3apXTcfgE45dT5yp12BcWZ1kUs+gm0qd3/fv4gsz6fVag4mM0moHVpjHDIgph6Psg==}
    dev: false

  /ajv@6.12.6:
    resolution: {integrity: sha512-j3fVLgvTo527anyYyJOGTYJbG+vnnQYvE0m5mmkc1TK+nxAppkCLMIL0aZ4dblVCNoGShhm+kzE4ZUykBoMg4g==}
    dependencies:
      fast-deep-equal: 3.1.3
      fast-json-stable-stringify: 2.1.0
      json-schema-traverse: 0.4.1
      uri-js: 4.4.1
    dev: false

  /fast-deep-equal@3.1.3:
    resolution: {integrity: sha512-f3qQ9oQy9j2AhBe/H9VC91wLmKBCCU/gDOnKNAYG5hswO7BLKj09Hc5HYNz9cGI++xlpDCIgDaitVs03ATR84Q==}
    dev: false

  /fast-json-stable-stringify@2.1.0:
    resolution: {integrity: sha512-lhd/wF+Lk98HZoTCtlVraHtfh5XYijIjalXck7saUtuanSDyLMxnHhSXEDJqHxD7msR8D0uCmqlkwjCV8xvwHw==}
    dev: false

  /javascript-natural-sort@0.7.1:
    resolution: {integrity: sha512-nO6jcEfZWQXDhOiBtG2KvKyEptz7RVbpGP4vTD2hLBdmNQSsCiicO2Ioinv6UI4y9ukqnBpy+XZ9H6uLNgJTlw==}
    dev: false

  /jmespath@0.15.0:
    resolution: {integrity: sha512-+kHj8HXArPfpPEKGLZ+kB5ONRTCiGQXo8RQYL0hH8t6pWXUBBK5KkkQmTNOwKK4LEsd0yTsgtjJVm4UBSZea4w==}
    engines: {node: '>= 0.6.0'}
    dev: false

  /json-schema-traverse@0.4.1:
    resolution: {integrity: sha512-xbbCH5dCYU5T8LcEhhuh7HJ88HXuW3qsI3Y0zOZFKfZEHcpWiHU/Jxzk629Brsab/mMiHQti9wMP+845RPe3Vg==}
    dev: false

  /json-source-map@0.6.1:
    resolution: {integrity: sha512-1QoztHPsMQqhDq0hlXY5ZqcEdUzxQEIxgFkKl4WUp2pgShObl+9ovi4kRh2TfvAfxAoHOJ9vIMEqk3k4iex7tg==}
    dev: false

  /jsoneditor@9.5.6:
    resolution: {integrity: sha512-smu4CKCOeJiizGGGYQ7ZAvCclnuJP7gX/wcoHw/DWiJMUZq+3KjJNDhYnVTRgi+Zk0UlPngA4egmuJre/H2mXg==}
    dependencies:
      ace-builds: 1.4.12
      ajv: 6.12.6
      javascript-natural-sort: 0.7.1
      jmespath: 0.15.0
      json-source-map: 0.6.1
      jsonrepair: 2.2.1
      mobius1-selectr: 2.4.13
      picomodal: 3.0.0
      vanilla-picker: 2.11.2
    dev: false

  /jsonrepair@2.2.1:
    resolution: {integrity: sha512-o9Je8TceILo872uQC9fIBJm957j1Io7z8Ca1iWIqY6S5S65HGE9XN7XEEw7+tUviB9Vq4sygV89MVTxl+rhZyg==}
    hasBin: true
    dev: false

  /mobius1-selectr@2.4.13:
    resolution: {integrity: sha512-Mk9qDrvU44UUL0EBhbAA1phfQZ7aMZPjwtL7wkpiBzGh8dETGqfsh50mWoX9EkjDlkONlErWXArHCKfoxVg0Bw==}
    dev: false

  /picomodal@3.0.0:
    resolution: {integrity: sha512-FoR3TDfuLlqUvcEeK5ifpKSVVns6B4BQvc8SDF6THVMuadya6LLtji0QgUDSStw0ZR2J7I6UGi5V2V23rnPWTw==}
    dev: false

  /punycode@2.1.1:
    resolution: {integrity: sha512-XRsRjdf+j5ml+y/6GKHPZbrF/8p2Yga0JPtdqTIY2Xe5ohJPD9saDJJLPvp9+NSBprVvevdXZybnj2cv8OEd0A==}
    engines: {node: '>=6'}
    dev: false

  /uri-js@4.4.1:
    resolution: {integrity: sha512-7rKUyy33Q1yc98pQ1DAmLtwX109F7TIfWlW1Ydo8Wl1ii1SeHieeh0HHfPeL2fMXK6z0s8ecKs9frCuLJvndBg==}
    dependencies:
      punycode: 2.1.1
    dev: false

  /vanilla-picker@2.11.2:
    resolution: {integrity: sha512-2cP7LlUnxHxwOf06ReUVtd2RFJMnJGaxN2s0p8wzBH3In5b00Le7fFZ9VrIoBE0svZkSq/BC/Pwq/k/9n+AA2g==}
    dependencies:
      '@sphinxxxx/color-conversion': 2.2.2
    dev: false
